
Microsoft Visual Studio Solution File, Format Version 12.00
Project("{FAE04EC0-301F-11D3-BF4B-00C04F79EFBC}") = "QueueZad1", "QueueZad1\QueueZad1.csproj", "{7EC60F14-22F4-4E67-89CE-42A713631DA4}"
EndProject
Global
	GlobalSection(SolutionConfigurationPlatforms) = preSolution
		Debug|Any CPU = Debug|Any CPU
		Release|Any CPU = Release|Any CPU
	EndGlobalSection
	GlobalSection(ProjectConfigurationPlatforms) = postSolution
		{7EC60F14-22F4-4E67-89CE-42A713631DA4}.Debug|Any CPU.ActiveCfg = Debug|Any CPU
		{7EC60F14-22F4-4E67-89CE-42A713631DA4}.Debug|Any CPU.Build.0 = Debug|Any CPU
		{7EC60F14-22F4-4E67-89CE-42A713631DA4}.Release|Any CPU.ActiveCfg = Release|Any CPU
		{7EC60F14-22F4-4E67-89CE-42A713631DA4}.Release|Any CPU.Build.0 = Release|Any CPU
	EndGlobalSection
EndGlobal
